
Microsoft Visual Studio Solution File, Format Version 12.00
# Visual Studio 15
VisualStudioVersion = 15.0.27130.2036
MinimumVisualStudioVersion = 10.0.40219.1
Project("{FAE04EC0-301F-11D3-BF4B-00C04F79EFBC}") = "StudentInfoSystem", "StudentInfoSystem\StudentInfoSystem.csproj", "{0DCC4228-15CD-4855-B9EC-FC1335C2B72E}"
EndProject
Project("{FAE04EC0-301F-11D3-BF4B-00C04F79EFBC}") = "UserLogin", "..\..\UserLogin\UserLogin.csproj", "{187AC71A-BDA3-40EB-8F32-10661BEC46FA}"
EndProject
Global
	GlobalSection(SolutionConfigurationPlatforms) = preSolution
		Debug|Any CPU = Debug|Any CPU
		Release|Any CPU = Release|Any CPU
	EndGlobalSection
	GlobalSection(ProjectConfigurationPlatforms) = postSolution
		{0DCC4228-15CD-4855-B9EC-FC1335C2B72E}.Debug|Any CPU.ActiveCfg = Debug|Any CPU
		{0DCC4228-15CD-4855-B9EC-FC1335C2B72E}.Debug|Any CPU.Build.0 = Debug|Any CPU
		{0DCC4228-15CD-4855-B9EC-FC1335C2B72E}.Release|Any CPU.ActiveCfg = Release|Any CPU
		{0DCC4228-15CD-4855-B9EC-FC1335C2B72E}.Release|Any CPU.Build.0 = Release|Any CPU
		{187AC71A-BDA3-40EB-8F32-10661BEC46FA}.Debug|Any CPU.ActiveCfg = Debug|Any CPU
		{187AC71A-BDA3-40EB-8F32-10661BEC46FA}.Debug|Any CPU.Build.0 = Debug|Any CPU
		{187AC71A-BDA3-40EB-8F32-10661BEC46FA}.Release|Any CPU.ActiveCfg = Release|Any CPU
		{187AC71A-BDA3-40EB-8F32-10661BEC46FA}.Release|Any CPU.Build.0 = Release|Any CPU
	EndGlobalSection
	GlobalSection(SolutionProperties) = preSolution
		HideSolutionNode = FALSE
	EndGlobalSection
	GlobalSection(ExtensibilityGlobals) = postSolution
		SolutionGuid = {E6067E82-CEBB-4C53-9E94-5EA5C75F4039}
	EndGlobalSection
EndGlobal
